{
  "version": 1,
  "dependencies": {
    "net9.0-windows7.0": {
      "iNKORE.UI.WPF.Modern": {
        "type": "Direct",
        "requested": "[0.10.2.1, )",
        "resolved": "0.10.2.1",
        "contentHash": "nGwuuVul+TcLCTgPmaAZCc0fYFqUpCNZ8PiulVT3gZnsWt/AvxMZ0DSPpuyI/iRPc/NhFIg9lSIR7uaHWV0I/Q==",
        "dependencies": {
          "iNKORE.UI.WPF": "1.2.8"
        }
      },
      "iNKORE.UI.WPF": {
        "type": "Transitive",
        "resolved": "1.2.8",
        "contentHash": "7b+z25JFdhGAfyJqlVIF0vLbmgsRvqDZMvhGPTz20gzQigDPMqVUOoCCKB5824GtYsjFCYNilmaowb+4yWATkQ=="
      }
    }
  }
}