
Microsoft Visual Studio Solution File, Format Version 12.00
# Visual Studio Version 17
VisualStudioVersion = 17.14.36310.24
MinimumVisualStudioVersion = 10.0.40219.1
Project("{FAE04EC0-301F-11D3-BF4B-00C04F79EFBC}") = "Flow.Bar", "Flow.Bar\Flow.Bar.csproj", "{1AED8522-B2D4-A2B4-9D0F-F66E64263193}"
EndProject
Project("{2150E333-8FDC-42A3-9474-1A3956D46DE8}") = "Solution Items", "Solution Items", "{089100B1-113F-4E66-888A-E83F3999EAFD}"
	ProjectSection(SolutionItems) = preProject
		.gitattributes = .gitattributes
		.gitignore = .gitignore
		Directory.Build.props = Directory.Build.props
		Directory.Build.targets = Directory.Build.targets
		global.json = global.json
		LICENSE = LICENSE
		README.md = README.md
		Settings.XamlStyler = Settings.XamlStyler
		SolutionAssemblyInfo.cs = SolutionAssemblyInfo.cs
	EndProjectSection
EndProject
Project("{FAE04EC0-301F-11D3-BF4B-00C04F79EFBC}") = "Flow.Bar.Plugin", "Flow.Bar.Plugin\Flow.Bar.Plugin.csproj", "{C0CC2A60-6A40-4E54-BBDF-5C301D101E0B}"
EndProject
Project("{FAE04EC0-301F-11D3-BF4B-00C04F79EFBC}") = "Flow.Bar.Plugin.Clock", "Plugins\Flow.Bar.Plugin.Clock\Flow.Bar.Plugin.Clock.csproj", "{D60D3BC0-C695-8CC9-D917-05184906DB59}"
EndProject
Project("{2150E333-8FDC-42A3-9474-1A3956D46DE8}") = "Plugins", "Plugins", "{07D57EEB-2F50-60C4-C011-FE4FA775C9A8}"
EndProject
Project("{2150E333-8FDC-42A3-9474-1A3956D46DE8}") = "Localization", "Localization", "{8670B5A8-0397-5F8B-AD18-045EC32A71D5}"
EndProject
Project("{FAE04EC0-301F-11D3-BF4B-00C04F79EFBC}") = "Flow.Bar.Localization", "Localization\Flow.Bar.Localization\Flow.Bar.Localization.csproj", "{4C63394F-07CE-929E-7516-9EA68C09E0A9}"
EndProject
Project("{FAE04EC0-301F-11D3-BF4B-00C04F79EFBC}") = "Flow.Bar.Localization.Analyzers", "Localization\Flow.Bar.Localization.Analyzers\Flow.Bar.Localization.Analyzers.csproj", "{2A2EAEA1-C8FB-7960-84BD-7E7B982F474A}"
EndProject
Project("{FAE04EC0-301F-11D3-BF4B-00C04F79EFBC}") = "Flow.Bar.Localization.Attributes", "Localization\Flow.Bar.Localization.Attributes\Flow.Bar.Localization.Attributes.csproj", "{89DBCC5B-DFA9-1755-D125-519952DF6B2E}"
EndProject
Project("{FAE04EC0-301F-11D3-BF4B-00C04F79EFBC}") = "Flow.Bar.Localization.Shared", "Localization\Flow.Bar.Localization.Shared\Flow.Bar.Localization.Shared.csproj", "{79B0CC47-3F08-FF2F-5F1B-EC73A0CFD807}"
EndProject
Project("{FAE04EC0-301F-11D3-BF4B-00C04F79EFBC}") = "Flow.Bar.Localization.SourceGenerators", "Localization\Flow.Bar.Localization.SourceGenerators\Flow.Bar.Localization.SourceGenerators.csproj", "{EBB1D769-0703-B810-7A0E-AAAA633F9FF6}"
EndProject
Project("{FAE04EC0-301F-11D3-BF4B-00C04F79EFBC}") = "Flow.Bar.Core", "Flow.Bar.Core\Flow.Bar.Core.csproj", "{BCAD8673-A669-4410-B21E-590D1AA20A72}"
EndProject
Project("{FAE04EC0-301F-11D3-BF4B-00C04F79EFBC}") = "Flow.Bar.Infrastructure", "Flow.Bar.Infrastructure\Flow.Bar.Infrastructure.csproj", "{B760F7FA-14D2-4AC3-8662-7DD7A369CAFB}"
EndProject
Project("{FAE04EC0-301F-11D3-BF4B-00C04F79EFBC}") = "Flow.Bar.Test", "Flow.Bar.Test\Flow.Bar.Test.csproj", "{1C3EBA4B-D550-49DB-B348-378B9D97F1E8}"
EndProject
Global
	GlobalSection(SolutionConfigurationPlatforms) = preSolution
		Debug|x64 = Debug|x64
		Release|x64 = Release|x64
	EndGlobalSection
	GlobalSection(ProjectConfigurationPlatforms) = postSolution
		{1AED8522-B2D4-A2B4-9D0F-F66E64263193}.Debug|x64.ActiveCfg = Debug|x64
		{1AED8522-B2D4-A2B4-9D0F-F66E64263193}.Debug|x64.Build.0 = Debug|x64
		{1AED8522-B2D4-A2B4-9D0F-F66E64263193}.Release|x64.ActiveCfg = Release|x64
		{1AED8522-B2D4-A2B4-9D0F-F66E64263193}.Release|x64.Build.0 = Release|x64
		{C0CC2A60-6A40-4E54-BBDF-5C301D101E0B}.Debug|x64.ActiveCfg = Debug|Any CPU
		{C0CC2A60-6A40-4E54-BBDF-5C301D101E0B}.Debug|x64.Build.0 = Debug|Any CPU
		{C0CC2A60-6A40-4E54-BBDF-5C301D101E0B}.Release|x64.ActiveCfg = Release|Any CPU
		{C0CC2A60-6A40-4E54-BBDF-5C301D101E0B}.Release|x64.Build.0 = Release|Any CPU
		{D60D3BC0-C695-8CC9-D917-05184906DB59}.Debug|x64.ActiveCfg = Debug|Any CPU
		{D60D3BC0-C695-8CC9-D917-05184906DB59}.Debug|x64.Build.0 = Debug|Any CPU
		{D60D3BC0-C695-8CC9-D917-05184906DB59}.Release|x64.ActiveCfg = Release|Any CPU
		{D60D3BC0-C695-8CC9-D917-05184906DB59}.Release|x64.Build.0 = Release|Any CPU
		{4C63394F-07CE-929E-7516-9EA68C09E0A9}.Debug|x64.ActiveCfg = Debug|Any CPU
		{4C63394F-07CE-929E-7516-9EA68C09E0A9}.Debug|x64.Build.0 = Debug|Any CPU
		{4C63394F-07CE-929E-7516-9EA68C09E0A9}.Release|x64.ActiveCfg = Release|Any CPU
		{4C63394F-07CE-929E-7516-9EA68C09E0A9}.Release|x64.Build.0 = Release|Any CPU
		{2A2EAEA1-C8FB-7960-84BD-7E7B982F474A}.Debug|x64.ActiveCfg = Debug|Any CPU
		{2A2EAEA1-C8FB-7960-84BD-7E7B982F474A}.Debug|x64.Build.0 = Debug|Any CPU
		{2A2EAEA1-C8FB-7960-84BD-7E7B982F474A}.Release|x64.ActiveCfg = Release|Any CPU
		{2A2EAEA1-C8FB-7960-84BD-7E7B982F474A}.Release|x64.Build.0 = Release|Any CPU
		{89DBCC5B-DFA9-1755-D125-519952DF6B2E}.Debug|x64.ActiveCfg = Debug|Any CPU
		{89DBCC5B-DFA9-1755-D125-519952DF6B2E}.Debug|x64.Build.0 = Debug|Any CPU
		{89DBCC5B-DFA9-1755-D125-519952DF6B2E}.Release|x64.ActiveCfg = Release|Any CPU
		{89DBCC5B-DFA9-1755-D125-519952DF6B2E}.Release|x64.Build.0 = Release|Any CPU
		{79B0CC47-3F08-FF2F-5F1B-EC73A0CFD807}.Debug|x64.ActiveCfg = Debug|Any CPU
		{79B0CC47-3F08-FF2F-5F1B-EC73A0CFD807}.Debug|x64.Build.0 = Debug|Any CPU
		{79B0CC47-3F08-FF2F-5F1B-EC73A0CFD807}.Release|x64.ActiveCfg = Release|Any CPU
		{79B0CC47-3F08-FF2F-5F1B-EC73A0CFD807}.Release|x64.Build.0 = Release|Any CPU
		{EBB1D769-0703-B810-7A0E-AAAA633F9FF6}.Debug|x64.ActiveCfg = Debug|Any CPU
		{EBB1D769-0703-B810-7A0E-AAAA633F9FF6}.Debug|x64.Build.0 = Debug|Any CPU
		{EBB1D769-0703-B810-7A0E-AAAA633F9FF6}.Release|x64.ActiveCfg = Release|Any CPU
		{EBB1D769-0703-B810-7A0E-AAAA633F9FF6}.Release|x64.Build.0 = Release|Any CPU
		{BCAD8673-A669-4410-B21E-590D1AA20A72}.Debug|x64.ActiveCfg = Debug|Any CPU
		{BCAD8673-A669-4410-B21E-590D1AA20A72}.Debug|x64.Build.0 = Debug|Any CPU
		{BCAD8673-A669-4410-B21E-590D1AA20A72}.Release|x64.ActiveCfg = Release|Any CPU
		{BCAD8673-A669-4410-B21E-590D1AA20A72}.Release|x64.Build.0 = Release|Any CPU
		{B760F7FA-14D2-4AC3-8662-7DD7A369CAFB}.Debug|x64.ActiveCfg = Debug|Any CPU
		{B760F7FA-14D2-4AC3-8662-7DD7A369CAFB}.Debug|x64.Build.0 = Debug|Any CPU
		{B760F7FA-14D2-4AC3-8662-7DD7A369CAFB}.Release|x64.ActiveCfg = Release|Any CPU
		{B760F7FA-14D2-4AC3-8662-7DD7A369CAFB}.Release|x64.Build.0 = Release|Any CPU
		{1C3EBA4B-D550-49DB-B348-378B9D97F1E8}.Debug|x64.ActiveCfg = Debug|Any CPU
		{1C3EBA4B-D550-49DB-B348-378B9D97F1E8}.Debug|x64.Build.0 = Debug|Any CPU
		{1C3EBA4B-D550-49DB-B348-378B9D97F1E8}.Release|x64.ActiveCfg = Release|Any CPU
		{1C3EBA4B-D550-49DB-B348-378B9D97F1E8}.Release|x64.Build.0 = Release|Any CPU
	EndGlobalSection
	GlobalSection(SolutionProperties) = preSolution
		HideSolutionNode = FALSE
	EndGlobalSection
	GlobalSection(NestedProjects) = preSolution
		{D60D3BC0-C695-8CC9-D917-05184906DB59} = {07D57EEB-2F50-60C4-C011-FE4FA775C9A8}
		{4C63394F-07CE-929E-7516-9EA68C09E0A9} = {8670B5A8-0397-5F8B-AD18-045EC32A71D5}
		{2A2EAEA1-C8FB-7960-84BD-7E7B982F474A} = {8670B5A8-0397-5F8B-AD18-045EC32A71D5}
		{89DBCC5B-DFA9-1755-D125-519952DF6B2E} = {8670B5A8-0397-5F8B-AD18-045EC32A71D5}
		{79B0CC47-3F08-FF2F-5F1B-EC73A0CFD807} = {8670B5A8-0397-5F8B-AD18-045EC32A71D5}
		{EBB1D769-0703-B810-7A0E-AAAA633F9FF6} = {8670B5A8-0397-5F8B-AD18-045EC32A71D5}
	EndGlobalSection
	GlobalSection(ExtensibilityGlobals) = postSolution
		SolutionGuid = {504EA21A-E4B9-4535-B337-1DF58BA29A61}
	EndGlobalSection
EndGlobal
