{
  "version": 1,
  "dependencies": {
    "net9.0-windows10.0.19041": {
      "CommunityToolkit.Mvvm": {
        "type": "Direct",
        "requested": "[8.4.0, )",
        "resolved": "8.4.0",
        "contentHash": "tqVU8yc/ADO9oiTRyTnwhFN68hCwvkliMierptWOudIAvWY1mWCh5VFh+guwHJmpMwfg0J0rY+yyd5Oy7ty9Uw=="
      },
      "iNKORE.UI.WPF.Modern": {
        "type": "Direct",
        "requested": "[0.10.1, )",
        "resolved": "0.10.1",
        "contentHash": "nRYmBosiL+42eUpLbHeqP7qJqtp5EpzuIMZTpvq4mFV33VB/JjkFg1y82gk50pjkXlAQWDvRyrfSAmPR5AM+3g==",
        "dependencies": {
          "iNKORE.UI.WPF": "1.2.8"
        }
      },
      "Microsoft.Extensions.DependencyInjection": {
        "type": "Direct",
        "requested": "[9.0.7, )",
        "resolved": "9.0.7",
        "contentHash": "i05AYA91vgq0as84ROVCyltD2gnxaba/f1Qw2rG7mUsS0gv8cPTr1Gm7jPQHq7JTr4MJoQUcanLVs16tIOUJaQ==",
        "dependencies": {
          "Microsoft.Extensions.DependencyInjection.Abstractions": "9.0.7"
        }
      },
      "Microsoft.Extensions.Hosting": {
        "type": "Direct",
        "requested": "[9.0.7, )",
        "resolved": "9.0.7",
        "contentHash": "Dkv55VfitwJjPUk9mFHxT9MJAd8su7eJNaCHhBU/Y9xFqw3ZNHwrpeptXeaXiaPtfQq+alMmawIz1Impk5pHkQ==",
        "dependencies": {
          "Microsoft.Extensions.Configuration": "9.0.7",
          "Microsoft.Extensions.Configuration.Abstractions": "9.0.7",
          "Microsoft.Extensions.Configuration.Binder": "9.0.7",
          "Microsoft.Extensions.Configuration.CommandLine": "9.0.7",
          "Microsoft.Extensions.Configuration.EnvironmentVariables": "9.0.7",
          "Microsoft.Extensions.Configuration.FileExtensions": "9.0.7",
          "Microsoft.Extensions.Configuration.Json": "9.0.7",
          "Microsoft.Extensions.Configuration.UserSecrets": "9.0.7",
          "Microsoft.Extensions.DependencyInjection": "9.0.7",
          "Microsoft.Extensions.DependencyInjection.Abstractions": "9.0.7",
          "Microsoft.Extensions.Diagnostics": "9.0.7",
          "Microsoft.Extensions.FileProviders.Abstractions": "9.0.7",
          "Microsoft.Extensions.FileProviders.Physical": "9.0.7",
          "Microsoft.Extensions.Hosting.Abstractions": "9.0.7",
          "Microsoft.Extensions.Logging": "9.0.7",
          "Microsoft.Extensions.Logging.Abstractions": "9.0.7",
          "Microsoft.Extensions.Logging.Configuration": "9.0.7",
          "Microsoft.Extensions.Logging.Console": "9.0.7",
          "Microsoft.Extensions.Logging.Debug": "9.0.7",
          "Microsoft.Extensions.Logging.EventLog": "9.0.7",
          "Microsoft.Extensions.Logging.EventSource": "9.0.7",
          "Microsoft.Extensions.Options": "9.0.7"
        }
      },
      "Microsoft.Toolkit.Uwp.Notifications": {
        "type": "Direct",
        "requested": "[7.1.3, )",
        "resolved": "7.1.3",
        "contentHash": "A1dglAzb24gjehmb7DwGd07mfyZ1gacAK7ObE0KwDlRc3mayH2QW7cSOy3TkkyELjLg19OQBuhPOj4SpXET9lg==",
        "dependencies": {
          "Microsoft.Win32.Registry": "4.7.0",
          "System.Drawing.Common": "4.7.0",
          "System.Reflection.Emit": "4.7.0",
          "System.ValueTuple": "4.5.0"
        }
      },
      "Microsoft.Windows.CsWin32": {
        "type": "Direct",
        "requested": "[0.3.183, )",
        "resolved": "0.3.183",
        "contentHash": "Ze3aE2y7xgzKxEWtNb4SH0CExXpCHr3sbmwnvMiWMzJhWDX/G4Rs5wgg2UNs3VN+qVHh/DkDWLCPaVQv/b//Nw==",
        "dependencies": {
          "Microsoft.Windows.SDK.Win32Docs": "0.1.42-alpha",
          "Microsoft.Windows.SDK.Win32Metadata": "61.0.15-preview",
          "Microsoft.Windows.WDK.Win32Metadata": "0.12.8-experimental"
        }
      },
      "SemanticVersioning": {
        "type": "Direct",
        "requested": "[3.0.0, )",
        "resolved": "3.0.0",
        "contentHash": "RR+8GbPQ/gjDqov/1QN1OPoUlbUruNwcL3WjWCeLw+MY7+od/ENhnkYxCfAC6rQLIu3QifaJt3kPYyP3RumqMQ=="
      },
      "TaskScheduler": {
        "type": "Direct",
        "requested": "[2.12.2, )",
        "resolved": "2.12.2",
        "contentHash": "glpAb3VrwfdAofp6PIyAzL0ZeTV7XUJ8muu0oZoTeyU5jtk2sMJ6QAMRRuFbovcaj+SBJiEUGklxIWOqQoxshA==",
        "dependencies": {
          "Microsoft.Win32.Registry": "5.0.0",
          "System.Diagnostics.EventLog": "9.0.2",
          "System.Security.AccessControl": "6.0.1"
        }
      },
      "iNKORE.UI.WPF": {
        "type": "Transitive",
        "resolved": "1.2.8",
        "contentHash": "7b+z25JFdhGAfyJqlVIF0vLbmgsRvqDZMvhGPTz20gzQigDPMqVUOoCCKB5824GtYsjFCYNilmaowb+4yWATkQ=="
      },
      "Microsoft.Extensions.Configuration": {
        "type": "Transitive",
        "resolved": "9.0.7",
        "contentHash": "oxGR51+w5cXm5B9gU6XwpAB2sTiyPSmZm7hjvv0rzRnmL5o/KZzE103AuQj7sK26OBupjVzU/bZxDWvvU4nhEg==",
        "dependencies": {
          "Microsoft.Extensions.Configuration.Abstractions": "9.0.7",
          "Microsoft.Extensions.Primitives": "9.0.7"
        }
      },
      "Microsoft.Extensions.Configuration.Abstractions": {
        "type": "Transitive",
        "resolved": "9.0.7",
        "contentHash": "lut/kiVvNsQ120VERMUYSFhpXPpKjjql+giy03LesASPBBcC0o6+aoFdzJH9GaYpFTQ3fGVhVjKjvJDoAW5/IQ==",
        "dependencies": {
          "Microsoft.Extensions.Primitives": "9.0.7"
        }
      },
      "Microsoft.Extensions.Configuration.Binder": {
        "type": "Transitive",
        "resolved": "9.0.7",
        "contentHash": "ExY+zXHhU4o9KC2alp3ZdLWyVWVRSn5INqax5ABk+HEOHlAHzomhJ7ek9HHliyOMiVGoYWYaMFOGr9q59mSAGA==",
        "dependencies": {
          "Microsoft.Extensions.Configuration.Abstractions": "9.0.7"
        }
      },
      "Microsoft.Extensions.Configuration.CommandLine": {
        "type": "Transitive",
        "resolved": "9.0.7",
        "contentHash": "LqwdkMNFeRyuqExewBSaWj8roEgZH8JQ9zEAmHl5ZFcnhCvjAdHICdYVRIiSEq9RWGB731LL8kZJM8tdTKEscA==",
        "dependencies": {
          "Microsoft.Extensions.Configuration": "9.0.7",
          "Microsoft.Extensions.Configuration.Abstractions": "9.0.7"
        }
      },
      "Microsoft.Extensions.Configuration.EnvironmentVariables": {
        "type": "Transitive",
        "resolved": "9.0.7",
        "contentHash": "R8kgazVpDr4k1K7MeWPLAwsi5VpwrhE3ubXK38D9gpHEvf9XhZhJ8kWHKK00LDg5hJ7pMQLggdZ7XFdQ5182Ug==",
        "dependencies": {
          "Microsoft.Extensions.Configuration": "9.0.7",
          "Microsoft.Extensions.Configuration.Abstractions": "9.0.7"
        }
      },
      "Microsoft.Extensions.Configuration.FileExtensions": {
        "type": "Transitive",
        "resolved": "9.0.7",
        "contentHash": "3LVg32iMfR9ENeegXAo73L+877iOcQauLJsXlKZNVSsLA/HbPgClZdeMGdjLSkaidYw3l02XbXTlOdGYNgu91Q==",
        "dependencies": {
          "Microsoft.Extensions.Configuration": "9.0.7",
          "Microsoft.Extensions.Configuration.Abstractions": "9.0.7",
          "Microsoft.Extensions.FileProviders.Abstractions": "9.0.7",
          "Microsoft.Extensions.FileProviders.Physical": "9.0.7",
          "Microsoft.Extensions.Primitives": "9.0.7"
        }
      },
      "Microsoft.Extensions.Configuration.Json": {
        "type": "Transitive",
        "resolved": "9.0.7",
        "contentHash": "3HQV326liEInT9UKEc+k73f1ECwNhvDS/DJAe5WvtMKDJTJqTH2ujrUC2ZlK/j6pXyPbV9f0Ku8JB20JveGImg==",
        "dependencies": {
          "Microsoft.Extensions.Configuration": "9.0.7",
          "Microsoft.Extensions.Configuration.Abstractions": "9.0.7",
          "Microsoft.Extensions.Configuration.FileExtensions": "9.0.7",
          "Microsoft.Extensions.FileProviders.Abstractions": "9.0.7"
        }
      },
      "Microsoft.Extensions.Configuration.UserSecrets": {
        "type": "Transitive",
        "resolved": "9.0.7",
        "contentHash": "ouDuPgRdeF4TJXKUh+lbm6QwyWwnCy+ijiqfFM2cI5NmW83MwKg1WNp2nCdMVcwQW8wJXteF/L9lA6ZPS3bCIQ==",
        "dependencies": {
          "Microsoft.Extensions.Configuration.Abstractions": "9.0.7",
          "Microsoft.Extensions.Configuration.Json": "9.0.7",
          "Microsoft.Extensions.FileProviders.Abstractions": "9.0.7",
          "Microsoft.Extensions.FileProviders.Physical": "9.0.7"
        }
      },
      "Microsoft.Extensions.DependencyInjection.Abstractions": {
        "type": "Transitive",
        "resolved": "9.0.7",
        "contentHash": "iPK1FxbGFr2Xb+4Y+dTYI8Gupu9pOi8I3JPuPsrogUmEhe2hzZ9LpCmolMEBhVDo2ikcSr7G5zYiwaapHSQTew=="
      },
      "Microsoft.Extensions.Diagnostics": {
        "type": "Transitive",
        "resolved": "9.0.7",
        "contentHash": "6ykfInm6yw7pPHJACgnrPUXxUWVslFnzad44K/siXk6Ovan6fNMnXxI5X9vphHJuZ4JbMOdPIgsfTmLD+Dyxug==",
        "dependencies": {
          "Microsoft.Extensions.Configuration": "9.0.7",
          "Microsoft.Extensions.Diagnostics.Abstractions": "9.0.7",
          "Microsoft.Extensions.Options.ConfigurationExtensions": "9.0.7"
        }
      },
      "Microsoft.Extensions.Diagnostics.Abstractions": {
        "type": "Transitive",
        "resolved": "9.0.7",
        "contentHash": "d39Ov1JpeWCGLCOTinlaDkujhrSAQ0HFxb7Su1BjhCKBfmDcQ6Ia1i3JI6kd3NFgwi1dexTunu82daDNwt7E6w==",
        "dependencies": {
          "Microsoft.Extensions.DependencyInjection.Abstractions": "9.0.7",
          "Microsoft.Extensions.Options": "9.0.7"
        }
      },
      "Microsoft.Extensions.FileProviders.Abstractions": {
        "type": "Transitive",
        "resolved": "9.0.7",
        "contentHash": "y9djCca1cz/oz/J8jTxtoecNiNvaiGBJeWd7XOPxonH+FnfHqcfslJMcSr5JMinmWFyS7eh3C9L6m6oURZ5lSA==",
        "dependencies": {
          "Microsoft.Extensions.Primitives": "9.0.7"
        }
      },
      "Microsoft.Extensions.FileProviders.Physical": {
        "type": "Transitive",
        "resolved": "9.0.7",
        "contentHash": "JYEPYrb+YBpFTCdmSBrk8cg3wAi1V4so7ccq04qbhg3FQHQqgJk28L3heEOKMXcZobOBUjTnGCFJD49Ez9kG5w==",
        "dependencies": {
          "Microsoft.Extensions.FileProviders.Abstractions": "9.0.7",
          "Microsoft.Extensions.FileSystemGlobbing": "9.0.7",
          "Microsoft.Extensions.Primitives": "9.0.7"
        }
      },
      "Microsoft.Extensions.FileSystemGlobbing": {
        "type": "Transitive",
        "resolved": "9.0.7",
        "contentHash": "5VKpTH2ME0SSs0lrtkpKgjCeHzXR5ka/H+qThPwuWi78wHubApZ/atD7w69FDt0OOM7UMV6LIbkqEQgoby4IXA=="
      },
      "Microsoft.Extensions.Hosting.Abstractions": {
        "type": "Transitive",
        "resolved": "9.0.7",
        "contentHash": "yG2JCXAR+VqI1mKqynLPNJlNlrUJeEISEpX4UznOp2uM4IEFz3pDDauzyMvTjICutEJtOigJ1yWBvxbaIlibBw==",
        "dependencies": {
          "Microsoft.Extensions.Configuration.Abstractions": "9.0.7",
          "Microsoft.Extensions.DependencyInjection.Abstractions": "9.0.7",
          "Microsoft.Extensions.Diagnostics.Abstractions": "9.0.7",
          "Microsoft.Extensions.FileProviders.Abstractions": "9.0.7",
          "Microsoft.Extensions.Logging.Abstractions": "9.0.7"
        }
      },
      "Microsoft.Extensions.Logging": {
        "type": "Transitive",
        "resolved": "9.0.7",
        "contentHash": "fdIeQpXYV8yxSWG03cCbU2Otdrq4NWuhnQLXokWLv3L9YcK055E7u8WFJvP+uuP4CFeCEoqZQL4yPcjuXhCZrg==",
        "dependencies": {
          "Microsoft.Extensions.DependencyInjection": "9.0.7",
          "Microsoft.Extensions.Logging.Abstractions": "9.0.7",
          "Microsoft.Extensions.Options": "9.0.7"
        }
      },
      "Microsoft.Extensions.Logging.Abstractions": {
        "type": "Transitive",
        "resolved": "9.0.7",
        "contentHash": "sMM6NEAdUTE/elJ2wqjOi0iBWqZmSyaTByLF9e8XHv6DRJFFnOe0N+s8Uc6C91E4SboQCfLswaBIZ+9ZXA98AA==",
        "dependencies": {
          "Microsoft.Extensions.DependencyInjection.Abstractions": "9.0.7"
        }
      },
      "Microsoft.Extensions.Logging.Configuration": {
        "type": "Transitive",
        "resolved": "9.0.7",
        "contentHash": "AEBty9rvFGvdFRqgIDEhQmiCnIfQWyzVoOZrO244cfu+n9M+wI1QLDpuROVILlplIBtLVmOezAF7d1H3Qog6Xw==",
        "dependencies": {
          "Microsoft.Extensions.Configuration": "9.0.7",
          "Microsoft.Extensions.Configuration.Abstractions": "9.0.7",
          "Microsoft.Extensions.Configuration.Binder": "9.0.7",
          "Microsoft.Extensions.DependencyInjection.Abstractions": "9.0.7",
          "Microsoft.Extensions.Logging": "9.0.7",
          "Microsoft.Extensions.Logging.Abstractions": "9.0.7",
          "Microsoft.Extensions.Options": "9.0.7",
          "Microsoft.Extensions.Options.ConfigurationExtensions": "9.0.7"
        }
      },
      "Microsoft.Extensions.Logging.Console": {
        "type": "Transitive",
        "resolved": "9.0.7",
        "contentHash": "pEHlNa8iCfKsBFA3YVDn/8EicjSU/m8uDfyoR0i4svONDss4Yu9Kznw53E/TyI+TveTo7CwRid4kfd4pLYXBig==",
        "dependencies": {
          "Microsoft.Extensions.DependencyInjection.Abstractions": "9.0.7",
          "Microsoft.Extensions.Logging": "9.0.7",
          "Microsoft.Extensions.Logging.Abstractions": "9.0.7",
          "Microsoft.Extensions.Logging.Configuration": "9.0.7",
          "Microsoft.Extensions.Options": "9.0.7"
        }
      },
      "Microsoft.Extensions.Logging.Debug": {
        "type": "Transitive",
        "resolved": "9.0.7",
        "contentHash": "MxzZj7XbsYJwfjclVTjJym2/nVIkksu7l7tC/4HYy+YRdDmpE4B+hTzCXu3BNfLNhdLPZsWpyXuYe6UGgWDm3g==",
        "dependencies": {
          "Microsoft.Extensions.DependencyInjection.Abstractions": "9.0.7",
          "Microsoft.Extensions.Logging": "9.0.7",
          "Microsoft.Extensions.Logging.Abstractions": "9.0.7"
        }
      },
      "Microsoft.Extensions.Logging.EventLog": {
        "type": "Transitive",
        "resolved": "9.0.7",
        "contentHash": "usrMVsY7c8M8fESt34Y3eEIQIlRlKXfPDlI+vYEb6xT7SUjhua2ey3NpHgQktiTgz8Uo5RiWqGD8ieiyo2WaDA==",
        "dependencies": {
          "Microsoft.Extensions.DependencyInjection.Abstractions": "9.0.7",
          "Microsoft.Extensions.Logging": "9.0.7",
          "Microsoft.Extensions.Logging.Abstractions": "9.0.7",
          "Microsoft.Extensions.Options": "9.0.7",
          "System.Diagnostics.EventLog": "9.0.7"
        }
      },
      "Microsoft.Extensions.Logging.EventSource": {
        "type": "Transitive",
        "resolved": "9.0.7",
        "contentHash": "/wwi6ckTEegCExFV6gVToCO7CvysZnmE50fpdkYUsSMh0ue9vRkQ7uOqkHyHol93ASYTEahrp+guMtS/+fZKaA==",
        "dependencies": {
          "Microsoft.Extensions.DependencyInjection.Abstractions": "9.0.7",
          "Microsoft.Extensions.Logging": "9.0.7",
          "Microsoft.Extensions.Logging.Abstractions": "9.0.7",
          "Microsoft.Extensions.Options": "9.0.7",
          "Microsoft.Extensions.Primitives": "9.0.7"
        }
      },
      "Microsoft.Extensions.Options": {
        "type": "Transitive",
        "resolved": "9.0.7",
        "contentHash": "trJnF6cRWgR5uMmHpGoHmM1wOVFdIYlELlkO9zX+RfieK0321Y55zrcs4AaEymKup7dxgEN/uJU25CAcMNQRXw==",
        "dependencies": {
          "Microsoft.Extensions.DependencyInjection.Abstractions": "9.0.7",
          "Microsoft.Extensions.Primitives": "9.0.7"
        }
      },
      "Microsoft.Extensions.Options.ConfigurationExtensions": {
        "type": "Transitive",
        "resolved": "9.0.7",
        "contentHash": "pE/jeAWHEIy/8HsqYA+I1+toTsdvsv+WywAcRoNSvPoFwjOREa8Fqn7D0/i0PbiXsDLFupltTTctliePx8ib4w==",
        "dependencies": {
          "Microsoft.Extensions.Configuration.Abstractions": "9.0.7",
          "Microsoft.Extensions.Configuration.Binder": "9.0.7",
          "Microsoft.Extensions.DependencyInjection.Abstractions": "9.0.7",
          "Microsoft.Extensions.Options": "9.0.7",
          "Microsoft.Extensions.Primitives": "9.0.7"
        }
      },
      "Microsoft.Extensions.Primitives": {
        "type": "Transitive",
        "resolved": "9.0.7",
        "contentHash": "ti/zD9BuuO50IqlvhWQs9GHxkCmoph5BHjGiWKdg2t6Or8XoyAfRJiKag+uvd/fpASnNklfsB01WpZ4fhAe0VQ=="
      },
      "Microsoft.NETCore.Platforms": {
        "type": "Transitive",
        "resolved": "3.1.0",
        "contentHash": "z7aeg8oHln2CuNulfhiLYxCVMPEwBl3rzicjvIX+4sUuCwvXw5oXQEtbiU2c0z4qYL5L3Kmx0mMA/+t/SbY67w=="
      },
      "Microsoft.Win32.Registry": {
        "type": "Transitive",
        "resolved": "5.0.0",
        "contentHash": "dDoKi0PnDz31yAyETfRntsLArTlVAVzUzCIvvEDsDsucrl33Dl8pIJG06ePTJTI3tGpeyHS9Cq7Foc/s4EeKcg==",
        "dependencies": {
          "System.Security.AccessControl": "5.0.0",
          "System.Security.Principal.Windows": "5.0.0"
        }
      },
      "Microsoft.Win32.SystemEvents": {
        "type": "Transitive",
        "resolved": "4.7.0",
        "contentHash": "mtVirZr++rq+XCDITMUdnETD59XoeMxSpLRIII7JRI6Yj0LEDiO1pPn0ktlnIj12Ix8bfvQqQDMMIF9wC98oCA==",
        "dependencies": {
          "Microsoft.NETCore.Platforms": "3.1.0"
        }
      },
      "Microsoft.Windows.SDK.Win32Docs": {
        "type": "Transitive",
        "resolved": "0.1.42-alpha",
        "contentHash": "Z/9po23gUA9aoukirh2ItMU2ZS9++Js9Gdds9fu5yuMojDrmArvY2y+tq9985tR3cxFxpZO1O35Wjfo0khj5HA=="
      },
      "Microsoft.Windows.SDK.Win32Metadata": {
        "type": "Transitive",
        "resolved": "61.0.15-preview",
        "contentHash": "cysex3dazKtCPALCluC2XX3f5Aedy9H2pw5jb+TW5uas2rkem1Z7FRnbUrg2vKx0pk0Qz+4EJNr37HdYTEcvEQ=="
      },
      "Microsoft.Windows.WDK.Win32Metadata": {
        "type": "Transitive",
        "resolved": "0.12.8-experimental",
        "contentHash": "3n8R44/Z96Ly+ty4eYVJfESqbzvpw96lRLs3zOzyDmr1x1Kw7FNn5CyE416q+bZQV3e1HRuMUvyegMeRE/WedA==",
        "dependencies": {
          "Microsoft.Windows.SDK.Win32Metadata": "61.0.15-preview"
        }
      },
      "System.Diagnostics.EventLog": {
        "type": "Transitive",
        "resolved": "9.0.7",
        "contentHash": "AJ+9fyCtQUImntxAJ9l4PZiCd4iepuk4pm7Qcno7PBIWQnfXlvwKuFsGk2H+QyY69GUVzDP2heELW6ho5BCXUg=="
      },
      "System.Drawing.Common": {
        "type": "Transitive",
        "resolved": "4.7.0",
        "contentHash": "v+XbyYHaZjDfn0ENmJEV1VYLgGgCTx1gnfOBcppowbpOAriglYgGCvFCPr2EEZyBvXlpxbEsTwkOlInl107ahA==",
        "dependencies": {
          "Microsoft.NETCore.Platforms": "3.1.0",
          "Microsoft.Win32.SystemEvents": "4.7.0"
        }
      },
      "System.Reflection.Emit": {
        "type": "Transitive",
        "resolved": "4.7.0",
        "contentHash": "VR4kk8XLKebQ4MZuKuIni/7oh+QGFmZW3qORd1GvBq/8026OpW501SzT/oypwiQl4TvT8ErnReh/NzY9u+C6wQ=="
      },
      "System.Security.AccessControl": {
        "type": "Transitive",
        "resolved": "6.0.1",
        "contentHash": "IQ4NXP/B3Ayzvw0rDQzVTYsCKyy0Jp9KI6aYcK7UnGVlR9+Awz++TIPCQtPYfLJfOpm8ajowMR09V7quD3sEHw=="
      },
      "System.Security.Principal.Windows": {
        "type": "Transitive",
        "resolved": "5.0.0",
        "contentHash": "t0MGLukB5WAVU9bO3MGzvlGnyJPgUlcwerXn1kzBRjwLKixT96XV0Uza41W49gVd8zEMFu9vQEFlv0IOrytICA=="
      },
      "System.ValueTuple": {
        "type": "Transitive",
        "resolved": "4.5.0",
        "contentHash": "okurQJO6NRE/apDIP23ajJ0hpiNmJ+f0BwOlB/cSqTLQlw5upkf+5+96+iG2Jw40G1fCVCyPz/FhIABUjMR+RQ=="
      },
      "flow.bar.plugin": {
        "type": "Project"
      }
    },
    "net9.0-windows10.0.19041/win-x64": {
      "Microsoft.Win32.Registry": {
        "type": "Transitive",
        "resolved": "5.0.0",
        "contentHash": "dDoKi0PnDz31yAyETfRntsLArTlVAVzUzCIvvEDsDsucrl33Dl8pIJG06ePTJTI3tGpeyHS9Cq7Foc/s4EeKcg==",
        "dependencies": {
          "System.Security.AccessControl": "5.0.0",
          "System.Security.Principal.Windows": "5.0.0"
        }
      },
      "Microsoft.Win32.SystemEvents": {
        "type": "Transitive",
        "resolved": "4.7.0",
        "contentHash": "mtVirZr++rq+XCDITMUdnETD59XoeMxSpLRIII7JRI6Yj0LEDiO1pPn0ktlnIj12Ix8bfvQqQDMMIF9wC98oCA==",
        "dependencies": {
          "Microsoft.NETCore.Platforms": "3.1.0"
        }
      },
      "System.Diagnostics.EventLog": {
        "type": "Transitive",
        "resolved": "9.0.7",
        "contentHash": "AJ+9fyCtQUImntxAJ9l4PZiCd4iepuk4pm7Qcno7PBIWQnfXlvwKuFsGk2H+QyY69GUVzDP2heELW6ho5BCXUg=="
      },
      "System.Drawing.Common": {
        "type": "Transitive",
        "resolved": "4.7.0",
        "contentHash": "v+XbyYHaZjDfn0ENmJEV1VYLgGgCTx1gnfOBcppowbpOAriglYgGCvFCPr2EEZyBvXlpxbEsTwkOlInl107ahA==",
        "dependencies": {
          "Microsoft.NETCore.Platforms": "3.1.0",
          "Microsoft.Win32.SystemEvents": "4.7.0"
        }
      },
      "System.Security.AccessControl": {
        "type": "Transitive",
        "resolved": "6.0.1",
        "contentHash": "IQ4NXP/B3Ayzvw0rDQzVTYsCKyy0Jp9KI6aYcK7UnGVlR9+Awz++TIPCQtPYfLJfOpm8ajowMR09V7quD3sEHw=="
      },
      "System.Security.Principal.Windows": {
        "type": "Transitive",
        "resolved": "5.0.0",
        "contentHash": "t0MGLukB5WAVU9bO3MGzvlGnyJPgUlcwerXn1kzBRjwLKixT96XV0Uza41W49gVd8zEMFu9vQEFlv0IOrytICA=="
      }
    }
  }
}